// !$*UTF8*$!
{
	archiveVersion = 1;
	classes = {
	};
	objectVersion = 55;
	objects = {

/* Begin PBXBuildFile section */
		38499D3F287CDD2200D4DA3C /* AppDelegate.swift in Sources */ = {isa = PBXBuildFile; fileRef = 38499D3E287CDD2200D4DA3C /* AppDelegate.swift */; };
		38499D41287CDD2200D4DA3C /* SceneDelegate.swift in Sources */ = {isa = PBXBuildFile; fileRef = 38499D40287CDD2200D4DA3C /* SceneDelegate.swift */; };
		38499D43287CDD2200D4DA3C /* ViewController.swift in Sources */ = {isa = PBXBuildFile; fileRef = 38499D42287CDD2200D4DA3C /* ViewController.swift */; };
		38499D46287CDD2200D4DA3C /* Main.storyboard in Resources */ = {isa = PBXBuildFile; fileRef = 38499D44287CDD2200D4DA3C /* Main.storyboard */; };
		38499D48287CDD2400D4DA3C /* Assets.xcassets in Resources */ = {isa = PBXBuildFile; fileRef = 38499D47287CDD2400D4DA3C /* Assets.xcassets */; };
		38499D4B287CDD2400D4DA3C /* LaunchScreen.storyboard in Resources */ = {isa = PBXBuildFile; fileRef = 38499D49287CDD2400D4DA3C /* LaunchScreen.storyboard */; };
		38499D56287CDD2400D4DA3C /* _21connectmedicalTests.swift in Sources */ = {isa = PBXBuildFile; fileRef = 38499D55287CDD2400D4DA3C /* _21connectmedicalTests.swift */; };
		38499D60287CDD2400D4DA3C /* _21connectmedicalUITests.swift in Sources */ = {isa = PBXBuildFile; fileRef = 38499D5F287CDD2400D4DA3C /* _21connectmedicalUITests.swift */; };
		38499D62287CDD2400D4DA3C /* _21connectmedicalUITestsLaunchTests.swift in Sources */ = {isa = PBXBuildFile; fileRef = 38499D61287CDD2400D4DA3C /* _21connectmedicalUITestsLaunchTests.swift */; };
/* End PBXBuildFile section */

/* Begin PBXContainerItemProxy section */
		38499D52287CDD2400D4DA3C /* PBXContainerItemProxy */ = {
			isa = PBXContainerItemProxy;
			containerPortal = 38499D33287CDD2200D4DA3C /* Project object */;
			proxyType = 1;
			remoteGlobalIDString = 38499D3A287CDD2200D4DA3C;
			remoteInfo = 321connectmedical;
		};
		38499D5C287CDD2400D4DA3C /* PBXContainerItemProxy */ = {
			isa = PBXContainerItemProxy;
			containerPortal = 38499D33287CDD2200D4DA3C /* Project object */;
			proxyType = 1;
			remoteGlobalIDString = 38499D3A287CDD2200D4DA3C;
			remoteInfo = 321connectmedical;
		};
/* End PBXContainerItemProxy section */

/* Begin PBXFileReference section */
		38499D3B287CDD2200D4DA3C /* 321connectmedical.app */ = {isa = PBXFileReference; explicitFileType = wrapper.application; includeInIndex = 0; path = 321connectmedical.app; sourceTree = BUILT_PRODUCTS_DIR; };
		38499D3E287CDD2200D4DA3C /* AppDelegate.swift */ = {isa = PBXFileReference; lastKnownFileType = sourcecode.swift; path = AppDelegate.swift; sourceTree = "<group>"; };
		38499D40287CDD2200D4DA3C /* SceneDelegate.swift */ = {isa = PBXFileReference; lastKnownFileType = sourcecode.swift; path = SceneDelegate.swift; sourceTree = "<group>"; };
		38499D42287CDD2200D4DA3C /* ViewController.swift */ = {isa = PBXFileReference; lastKnownFileType = sourcecode.swift; path = ViewController.swift; sourceTree = "<group>"; };
		38499D45287CDD2200D4DA3C /* Base */ = {isa = PBXFileReference; lastKnownFileType = file.storyboard; name = Base; path = Base.lproj/Main.storyboard; sourceTree = "<group>"; };
		38499D47287CDD2400D4DA3C /* Assets.xcassets */ = {isa = PBXFileReference; lastKnownFileType = folder.assetcatalog; path = Assets.xcassets; sourceTree = "<group>"; };
		38499D4A287CDD2400D4DA3C /* Base */ = {isa = PBXFileReference; lastKnownFileType = file.storyboard; name = Base; path = Base.lproj/LaunchScreen.storyboard; sourceTree = "<group>"; };
		38499D4C287CDD2400D4DA3C /* Info.plist */ = {isa = PBXFileReference; lastKnownFileType = text.plist.xml; path = Info.plist; sourceTree = "<group>"; };
		38499D51287CDD2400D4DA3C /* 321connectmedicalTests.xctest */ = {isa = PBXFileReference; explicitFileType = wrapper.cfbundle; includeInIndex = 0; path = 321connectmedicalTests.xctest; sourceTree = BUILT_PRODUCTS_DIR; };
		38499D55287CDD2400D4DA3C /* _21connectmedicalTests.swift */ = {isa = PBXFileReference; lastKnownFileType = sourcecode.swift; path = _21connectmedicalTests.swift; sourceTree = "<group>"; };
		38499D5B287CDD2400D4DA3C /* 321connectmedicalUITests.xctest */ = {isa = PBXFileReference; explicitFileType = wrapper.cfbundle; includeInIndex = 0; path = 321connectmedicalUITests.xctest; sourceTree = BUILT_PRODUCTS_DIR; };
		38499D5F287CDD2400D4DA3C /* _21connectmedicalUITests.swift */ = {isa = PBXFileReference; lastKnownFileType = sourcecode.swift; path = _21connectmedicalUITests.swift; sourceTree = "<group>"; };
		38499D61287CDD2400D4DA3C /* _21connectmedicalUITestsLaunchTests.swift */ = {isa = PBXFileReference; lastKnownFileType = sourcecode.swift; path = _21connectmedicalUITestsLaunchTests.swift; sourceTree = "<group>"; };
/* End PBXFileReference section */

/* Begin PBXFrameworksBuildPhase section */
		38499D38287CDD2200D4DA3C /* Frameworks */ = {
			isa = PBXFrameworksBuildPhase;
			buildActionMask = 2147483647;
			files = (
			);
			runOnlyForDeploymentPostprocessing = 0;
		};
		38499D4E287CDD2400D4DA3C /* Frameworks */ = {
			isa = PBXFrameworksBuildPhase;
			buildActionMask = 2147483647;
			files = (
			);
			runOnlyForDeploymentPostprocessing = 0;
		};
		38499D58287CDD2400D4DA3C /* Frameworks */ = {
			isa = PBXFrameworksBuildPhase;
			buildActionMask = 2147483647;
			files = (
			);
			runOnlyForDeploymentPostprocessing = 0;
		};
/* End PBXFrameworksBuildPhase section */

/* Begin PBXGroup section */
		38499D32287CDD2200D4DA3C = {
			isa = PBXGroup;
			children = (
				38499D3D287CDD2200D4DA3C /* 321connectmedical */,
				38499D54287CDD2400D4DA3C /* 321connectmedicalTests */,
				38499D5E287CDD2400D4DA3C /* 321connectmedicalUITests */,
				38499D3C287CDD2200D4DA3C /* Products */,
			);
			sourceTree = "<group>";
		};
		38499D3C287CDD2200D4DA3C /* Products */ = {
			isa = PBXGroup;
			children = (
				38499D3B287CDD2200D4DA3C /* 321connectmedical.app */,
				38499D51287CDD2400D4DA3C /* 321connectmedicalTests.xctest */,
				38499D5B287CDD2400D4DA3C /* 321connectmedicalUITests.xctest */,
			);
			name = Products;
			sourceTree = "<group>";
		};
		38499D3D287CDD2200D4DA3C /* 321connectmedical */ = {
			isa = PBXGroup;
			children = (
				38499D3E287CDD2200D4DA3C /* AppDelegate.swift */,
				38499D40287CDD2200D4DA3C /* SceneDelegate.swift */,
				38499D42287CDD2200D4DA3C /* ViewController.swift */,
				38499D44287CDD2200D4DA3C /* Main.storyboard */,
				38499D47287CDD2400D4DA3C /* Assets.xcassets */,
				38499D49287CDD2400D4DA3C /* LaunchScreen.storyboard */,
				38499D4C287CDD2400D4DA3C /* Info.plist */,
			);
			path = 321connectmedical;
			sourceTree = "<group>";
		};
		38499D54287CDD2400D4DA3C /* 321connectmedicalTests */ = {
			isa = PBXGroup;
			children = (
				38499D55287CDD2400D4DA3C /* _21connectmedicalTests.swift */,
			);
			path = 321connectmedicalTests;
			sourceTree = "<group>";
		};
		38499D5E287CDD2400D4DA3C /* 321connectmedicalUITests */ = {
			isa = PBXGroup;
			children = (
				38499D5F287CDD2400D4DA3C /* _21connectmedicalUITests.swift */,
				38499D61287CDD2400D4DA3C /* _21connectmedicalUITestsLaunchTests.swift */,
			);
			path = 321connectmedicalUITests;
			sourceTree = "<group>";
		};
/* End PBXGroup section */

/* Begin PBXNativeTarget section */
		38499D3A287CDD2200D4DA3C /* 321connectmedical */ = {
			isa = PBXNativeTarget;
			buildConfigurationList = 38499D65287CDD2400D4DA3C /* Build configuration list for PBXNativeTarget "321connectmedical" */;
			buildPhases = (
				38499D37287CDD2200D4DA3C /* Sources */,
				38499D38287CDD2200D4DA3C /* Frameworks */,
				38499D39287CDD2200D4DA3C /* Resources */,
			);
			buildRules = (
			);
			dependencies = (
			);
			name = 321connectmedical;
			productName = 321connectmedical;
			productReference = 38499D3B287CDD2200D4DA3C /* 321connectmedical.app */;
			productType = "com.apple.product-type.application";
		};
		38499D50287CDD2400D4DA3C /* 321connectmedicalTests */ = {
			isa = PBXNativeTarget;
			buildConfigurationList = 38499D68287CDD2400D4DA3C /* Build configuration list for PBXNativeTarget "321connectmedicalTests" */;
			buildPhases = (
				38499D4D287CDD2400D4DA3C /* Sources */,
				38499D4E287CDD2400D4DA3C /* Frameworks */,
				38499D4F287CDD2400D4DA3C /* Resources */,
			);
			buildRules = (
			);
			dependencies = (
				38499D53287CDD2400D4DA3C /* PBXTargetDependency */,
			);
			name = 321connectmedicalTests;
			productName = 321connectmedicalTests;
			productReference = 38499D51287CDD2400D4DA3C /* 321connectmedicalTests.xctest */;
			productType = "com.apple.product-type.bundle.unit-test";
		};
		38499D5A287CDD2400D4DA3C /* 321connectmedicalUITests */ = {
			isa = PBXNativeTarget;
			buildConfigurationList = 38499D6B287CDD2400D4DA3C /* Build configuration list for PBXNativeTarget "321connectmedicalUITests" */;
			buildPhases = (
				38499D57287CDD2400D4DA3C /* Sources */,
				38499D58287CDD2400D4DA3C /* Frameworks */,
				38499D59287CDD2400D4DA3C /* Resources */,
			);
			buildRules = (
			);
			dependencies = (
				38499D5D287CDD2400D4DA3C /* PBXTargetDependency */,
			);
			name = 321connectmedicalUITests;
			productName = 321connectmedicalUITests;
			productReference = 38499D5B287CDD2400D4DA3C /* 321connectmedicalUITests.xctest */;
			productType = "com.apple.product-type.bundle.ui-testing";
		};
/* End PBXNativeTarget section */

/* Begin PBXProject section */
		38499D33287CDD2200D4DA3C /* Project object */ = {
			isa = PBXProject;
			attributes = {
				BuildIndependentTargetsInParallel = 1;
				LastSwiftUpdateCheck = 1320;
				LastUpgradeCheck = 1320;
				TargetAttributes = {
					38499D3A287CDD2200D4DA3C = {
						CreatedOnToolsVersion = 13.2.1;
					};
					38499D50287CDD2400D4DA3C = {
						CreatedOnToolsVersion = 13.2.1;
						TestTargetID = 38499D3A287CDD2200D4DA3C;
					};
					38499D5A287CDD2400D4DA3C = {
						CreatedOnToolsVersion = 13.2.1;
						TestTargetID = 38499D3A287CDD2200D4DA3C;
					};
				};
			};
			buildConfigurationList = 38499D36287CDD2200D4DA3C /* Build configuration list for PBXProject "321connectmedical" */;
			compatibilityVersion = "Xcode 13.0";
			developmentRegion = en;
			hasScannedForEncodings = 0;
			knownRegions = (
				en,
				Base,
			);
			mainGroup = 38499D32287CDD2200D4DA3C;
			productRefGroup = 38499D3C287CDD2200D4DA3C /* Products */;
			projectDirPath = "";
			projectRoot = "";
			targets = (
				38499D3A287CDD2200D4DA3C /* 321connectmedical */,
				38499D50287CDD2400D4DA3C /* 321connectmedicalTests */,
				38499D5A287CDD2400D4DA3C /* 321connectmedicalUITests */,
			);
		};
/* End PBXProject section */

/* Begin PBXResourcesBuildPhase section */
		38499D39287CDD2200D4DA3C /* Resources */ = {
			isa = PBXResourcesBuildPhase;
			buildActionMask = 2147483647;
			files = (
				38499D4B287CDD2400D4DA3C /* LaunchScreen.storyboard in Resources */,
				38499D48287CDD2400D4DA3C /* Assets.xcassets in Resources */,
				38499D46287CDD2200D4DA3C /* Main.storyboard in Resources */,
			);
			runOnlyForDeploymentPostprocessing = 0;
		};
		38499D4F287CDD2400D4DA3C /* Resources */ = {
			isa = PBXResourcesBuildPhase;
			buildActionMask = 2147483647;
			files = (
			);
			runOnlyForDeploymentPostprocessing = 0;
		};
		38499D59287CDD2400D4DA3C /* Resources */ = {
			isa = PBXResourcesBuildPhase;
			buildActionMask = 2147483647;
			files = (
			);
			runOnlyForDeploymentPostprocessing = 0;
		};
/* End PBXResourcesBuildPhase section */

/* Begin PBXSourcesBuildPhase section */
		38499D37287CDD2200D4DA3C /* Sources */ = {
			isa = PBXSourcesBuildPhase;
			buildActionMask = 2147483647;
			files = (
				38499D43287CDD2200D4DA3C /* ViewController.swift in Sources */,
				38499D3F287CDD2200D4DA3C /* AppDelegate.swift in Sources */,
				38499D41287CDD2200D4DA3C /* SceneDelegate.swift in Sources */,
			);
			runOnlyForDeploymentPostprocessing = 0;
		};
		38499D4D287CDD2400D4DA3C /* Sources */ = {
			isa = PBXSourcesBuildPhase;
			buildActionMask = 2147483647;
			files = (
				38499D56287CDD2400D4DA3C /* _21connectmedicalTests.swift in Sources */,
			);
			runOnlyForDeploymentPostprocessing = 0;
		};
		38499D57287CDD2400D4DA3C /* Sources */ = {
			isa = PBXSourcesBuildPhase;
			buildActionMask = 2147483647;
			files = (
				38499D62287CDD2400D4DA3C /* _21connectmedicalUITestsLaunchTests.swift in Sources */,
				38499D60287CDD2400D4DA3C /* _21connectmedicalUITests.swift in Sources */,
			);
			runOnlyForDeploymentPostprocessing = 0;
		};
/* End PBXSourcesBuildPhase section */

/* Begin PBXTargetDependency section */
		38499D53287CDD2400D4DA3C /* PBXTargetDependency */ = {
			isa = PBXTargetDependency;
			target = 38499D3A287CDD2200D4DA3C /* 321connectmedical */;
			targetProxy = 38499D52287CDD2400D4DA3C /* PBXContainerItemProxy */;
		};
		38499D5D287CDD2400D4DA3C /* PBXTargetDependency */ = {
			isa = PBXTargetDependency;
			target = 38499D3A287CDD2200D4DA3C /* 321connectmedical */;
			targetProxy = 38499D5C287CDD2400D4DA3C /* PBXContainerItemProxy */;
		};
/* End PBXTargetDependency section */

/* Begin PBXVariantGroup section */
		38499D44287CDD2200D4DA3C /* Main.storyboard */ = {
			isa = PBXVariantGroup;
			children = (
				38499D45287CDD2200D4DA3C /* Base */,
			);
			name = Main.storyboard;
			sourceTree = "<group>";
		};
		38499D49287CDD2400D4DA3C /* LaunchScreen.storyboard */ = {
			isa = PBXVariantGroup;
			children = (
				38499D4A287CDD2400D4DA3C /* Base */,
			);
			name = LaunchScreen.storyboard;
			sourceTree = "<group>";
		};
/* End PBXVariantGroup section */

/* Begin XCBuildConfiguration section */
		38499D63287CDD2400D4DA3C /* Debug */ = {
			isa = XCBuildConfiguration;
			buildSettings = {
				ALWAYS_SEARCH_USER_PATHS = NO;
				CLANG_ANALYZER_NONNULL = YES;
				CLANG_ANALYZER_NUMBER_OBJECT_CONVERSION = YES_AGGRESSIVE;
				CLANG_CXX_LANGUAGE_STANDARD = "gnu++17";
				CLANG_CXX_LIBRARY = "libc++";
				CLANG_ENABLE_MODULES = YES;
				CLANG_ENABLE_OBJC_ARC = YES;
				CLANG_ENABLE_OBJC_WEAK = YES;
				CLANG_WARN_BLOCK_CAPTURE_AUTORELEASING = YES;
				CLANG_WARN_BOOL_CONVERSION = YES;
				CLANG_WARN_COMMA = YES;
				CLANG_WARN_CONSTANT_CONVERSION = YES;
				CLANG_WARN_DEPRECATED_OBJC_IMPLEMENTATIONS = YES;
				CLANG_WARN_DIRECT_OBJC_ISA_USAGE = YES_ERROR;
				CLANG_WARN_DOCUMENTATION_COMMENTS = YES;
				CLANG_WARN_EMPTY_BODY = YES;
				CLANG_WARN_ENUM_CONVERSION = YES;
				CLANG_WARN_INFINITE_RECURSION = YES;
				CLANG_WARN_INT_CONVERSION = YES;
				CLANG_WARN_NON_LITERAL_NULL_CONVERSION = YES;
				CLANG_WARN_OBJC_IMPLICIT_RETAIN_SELF = YES;
				CLANG_WARN_OBJC_LITERAL_CONVERSION = YES;
				CLANG_WARN_OBJC_ROOT_CLASS = YES_ERROR;
				CLANG_WARN_QUOTED_INCLUDE_IN_FRAMEWORK_HEADER = YES;
				CLANG_WARN_RANGE_LOOP_ANALYSIS = YES;
				CLANG_WARN_STRICT_PROTOTYPES = YES;
				CLANG_WARN_SUSPICIOUS_MOVE = YES;
				CLANG_WARN_UNGUARDED_AVAILABILITY = YES_AGGRESSIVE;
				CLANG_WARN_UNREACHABLE_CODE = YES;
				CLANG_WARN__DUPLICATE_METHOD_MATCH = YES;
				COPY_PHASE_STRIP = NO;
				DEBUG_INFORMATION_FORMAT = dwarf;
				ENABLE_STRICT_OBJC_MSGSEND = YES;
				ENABLE_TESTABILITY = YES;
				GCC_C_LANGUAGE_STANDARD = gnu11;
				GCC_DYNAMIC_NO_PIC = NO;
				GCC_NO_COMMON_BLOCKS = YES;
				GCC_OPTIMIZATION_LEVEL = 0;
				GCC_PREPROCESSOR_DEFINITIONS = (
					"DEBUG=1",
					"$(inherited)",
				);
				GCC_WARN_64_TO_32_BIT_CONVERSION = YES;
				GCC_WARN_ABOUT_RETURN_TYPE = YES_ERROR;
				GCC_WARN_UNDECLARED_SELECTOR = YES;
				GCC_WARN_UNINITIALIZED_AUTOS = YES_AGGRESSIVE;
				GCC_WARN_UNUSED_FUNCTION = YES;
				GCC_WARN_UNUSED_VARIABLE = YES;
				IPHONEOS_DEPLOYMENT_TARGET = 15.2;
				MTL_ENABLE_DEBUG_INFO = INCLUDE_SOURCE;
				MTL_FAST_MATH = YES;
				ONLY_ACTIVE_ARCH = YES;
				SDKROOT = iphoneos;
				SWIFT_ACTIVE_COMPILATION_CONDITIONS = DEBUG;
				SWIFT_OPTIMIZATION_LEVEL = "-Onone";
			};
			name = Debug;
		};
		38499D64287CDD2400D4DA3C /* Release */ = {
			isa = XCBuildConfiguration;
			buildSettings = {
				ALWAYS_SEARCH_USER_PATHS = NO;
				CLANG_ANALYZER_NONNULL = YES;
				CLANG_ANALYZER_NUMBER_OBJECT_CONVERSION = YES_AGGRESSIVE;
				CLANG_CXX_LANGUAGE_STANDARD = "gnu++17";
				CLANG_CXX_LIBRARY = "libc++";
				CLANG_ENABLE_MODULES = YES;
				CLANG_ENABLE_OBJC_ARC = YES;
				CLANG_ENABLE_OBJC_WEAK = YES;
				CLANG_WARN_BLOCK_CAPTURE_AUTORELEASING = YES;
				CLANG_WARN_BOOL_CONVERSION = YES;
				CLANG_WARN_COMMA = YES;
				CLANG_WARN_CONSTANT_CONVERSION = YES;
				CLANG_WARN_DEPRECATED_OBJC_IMPLEMENTATIONS = YES;
				CLANG_WARN_DIRECT_OBJC_ISA_USAGE = YES_ERROR;
				CLANG_WARN_DOCUMENTATION_COMMENTS = YES;
				CLANG_WARN_EMPTY_BODY = YES;
				CLANG_WARN_ENUM_CONVERSION = YES;
				CLANG_WARN_INFINITE_RECURSION = YES;
				CLANG_WARN_INT_CONVERSION = YES;
				CLANG_WARN_NON_LITERAL_NULL_CONVERSION = YES;
				CLANG_WARN_OBJC_IMPLICIT_RETAIN_SELF = YES;
				CLANG_WARN_OBJC_LITERAL_CONVERSION = YES;
				CLANG_WARN_OBJC_ROOT_CLASS = YES_ERROR;
				CLANG_WARN_QUOTED_INCLUDE_IN_FRAMEWORK_HEADER = YES;
				CLANG_WARN_RANGE_LOOP_ANALYSIS = YES;
				CLANG_WARN_STRICT_PROTOTYPES = YES;
				CLANG_WARN_SUSPICIOUS_MOVE = YES;
				CLANG_WARN_UNGUARDED_AVAILABILITY = YES_AGGRESSIVE;
				CLANG_WARN_UNREACHABLE_CODE = YES;
				CLANG_WARN__DUPLICATE_METHOD_MATCH = YES;
				COPY_PHASE_STRIP = NO;
				DEBUG_INFORMATION_FORMAT = "dwarf-with-dsym";
				ENABLE_NS_ASSERTIONS = NO;
				ENABLE_STRICT_OBJC_MSGSEND = YES;
				GCC_C_LANGUAGE_STANDARD = gnu11;
				GCC_NO_COMMON_BLOCKS = YES;
				GCC_WARN_64_TO_32_BIT_CONVERSION = YES;
				GCC_WARN_ABOUT_RETURN_TYPE = YES_ERROR;
				GCC_WARN_UNDECLARED_SELECTOR = YES;
				GCC_WARN_UNINITIALIZED_AUTOS = YES_AGGRESSIVE;
				GCC_WARN_UNUSED_FUNCTION = YES;
				GCC_WARN_UNUSED_VARIABLE = YES;
				IPHONEOS_DEPLOYMENT_TARGET = 15.2;
				MTL_ENABLE_DEBUG_INFO = NO;
				MTL_FAST_MATH = YES;
				SDKROOT = iphoneos;
				SWIFT_COMPILATION_MODE = wholemodule;
				SWIFT_OPTIMIZATION_LEVEL = "-O";
				VALIDATE_PRODUCT = YES;
			};
			name = Release;
		};
		38499D66287CDD2400D4DA3C /* Debug */ = {
			isa = XCBuildConfiguration;
			buildSettings = {
				ASSETCATALOG_COMPILER_APPICON_NAME = AppIcon;
				ASSETCATALOG_COMPILER_GLOBAL_ACCENT_COLOR_NAME = AccentColor;
				CODE_SIGN_STYLE = Automatic;
				CURRENT_PROJECT_VERSION = 1;
				DEVELOPMENT_TEAM = FL6J78634M;
				GENERATE_INFOPLIST_FILE = YES;
				INFOPLIST_FILE = 321connectmedical/Info.plist;
				INFOPLIST_KEY_UIApplicationSupportsIndirectInputEvents = YES;
				INFOPLIST_KEY_UILaunchStoryboardName = LaunchScreen;
				INFOPLIST_KEY_UIMainStoryboardFile = Main;
				INFOPLIST_KEY_UISupportedInterfaceOrientations_iPad = "UIInterfaceOrientationPortrait UIInterfaceOrientationPortraitUpsideDown UIInterfaceOrientationLandscapeLeft UIInterfaceOrientationLandscapeRight";
				INFOPLIST_KEY_UISupportedInterfaceOrientations_iPhone = "UIInterfaceOrientationPortrait UIInterfaceOrientationLandscapeLeft UIInterfaceOrientationLandscapeRight";
				LD_RUNPATH_SEARCH_PATHS = (
					"$(inherited)",
					"@executable_path/Frameworks",
				);
				MARKETING_VERSION = 1.0;
				PRODUCT_BUNDLE_IDENTIFIER = "elizabethwhitebaker.-21connectmedical";
				PRODUCT_NAME = "$(TARGET_NAME)";
				SWIFT_EMIT_LOC_STRINGS = YES;
				SWIFT_VERSION = 5.0;
				TARGETED_DEVICE_FAMILY = "1,2";
			};
			name = Debug;
		};
		38499D67287CDD2400D4DA3C /* Release */ = {
			isa = XCBuildConfiguration;
			buildSettings = {
				ASSETCATALOG_COMPILER_APPICON_NAME = AppIcon;
				ASSETCATALOG_COMPILER_GLOBAL_ACCENT_COLOR_NAME = AccentColor;
				CODE_SIGN_STYLE = Automatic;
				CURRENT_PROJECT_VERSION = 1;
				DEVELOPMENT_TEAM = FL6J78634M;
				GENERATE_INFOPLIST_FILE = YES;
				INFOPLIST_FILE = 321connectmedical/Info.plist;
				INFOPLIST_KEY_UIApplicationSupportsIndirectInputEvents = YES;
				INFOPLIST_KEY_UILaunchStoryboardName = LaunchScreen;
				INFOPLIST_KEY_UIMainStoryboardFile = Main;
				INFOPLIST_KEY_UISupportedInterfaceOrientations_iPad = "UIInterfaceOrientationPortrait UIInterfaceOrientationPortraitUpsideDown UIInterfaceOrientationLandscapeLeft UIInterfaceOrientationLandscapeRight";
				INFOPLIST_KEY_UISupportedInterfaceOrientations_iPhone = "UIInterfaceOrientationPortrait UIInterfaceOrientationLandscapeLeft UIInterfaceOrientationLandscapeRight";
				LD_RUNPATH_SEARCH_PATHS = (
					"$(inherited)",
					"@executable_path/Frameworks",
				);
				MARKETING_VERSION = 1.0;
				PRODUCT_BUNDLE_IDENTIFIER = "elizabethwhitebaker.-21connectmedical";
				PRODUCT_NAME = "$(TARGET_NAME)";
				SWIFT_EMIT_LOC_STRINGS = YES;
				SWIFT_VERSION = 5.0;
				TARGETED_DEVICE_FAMILY = "1,2";
			};
			name = Release;
		};
		38499D69287CDD2400D4DA3C /* Debug */ = {
			isa = XCBuildConfiguration;
			buildSettings = {
				ALWAYS_EMBED_SWIFT_STANDARD_LIBRARIES = YES;
				BUNDLE_LOADER = "$(TEST_HOST)";
				CODE_SIGN_STYLE = Automatic;
				CURRENT_PROJECT_VERSION = 1;
				DEVELOPMENT_TEAM = FL6J78634M;
				GENERATE_INFOPLIST_FILE = YES;
				IPHONEOS_DEPLOYMENT_TARGET = 15.2;
				MARKETING_VERSION = 1.0;
				PRODUCT_BUNDLE_IDENTIFIER = "elizabethwhitebaker.-21connectmedicalTests";
				PRODUCT_NAME = "$(TARGET_NAME)";
				SWIFT_EMIT_LOC_STRINGS = NO;
				SWIFT_VERSION = 5.0;
				TARGETED_DEVICE_FAMILY = "1,2";
				TEST_HOST = "$(BUILT_PRODUCTS_DIR)/321connectmedical.app/321connectmedical";
			};
			name = Debug;
		};
		38499D6A287CDD2400D4DA3C /* Release */ = {
			isa = XCBuildConfiguration;
			buildSettings = {
				ALWAYS_EMBED_SWIFT_STANDARD_LIBRARIES = YES;
				BUNDLE_LOADER = "$(TEST_HOST)";
				CODE_SIGN_STYLE = Automatic;
				CURRENT_PROJECT_VERSION = 1;
				DEVELOPMENT_TEAM = FL6J78634M;
				GENERATE_INFOPLIST_FILE = YES;
				IPHONEOS_DEPLOYMENT_TARGET = 15.2;
				MARKETING_VERSION = 1.0;
				PRODUCT_BUNDLE_IDENTIFIER = "elizabethwhitebaker.-21connectmedicalTests";
				PRODUCT_NAME = "$(TARGET_NAME)";
				SWIFT_EMIT_LOC_STRINGS = NO;
				SWIFT_VERSION = 5.0;
				TARGETED_DEVICE_FAMILY = "1,2";
				TEST_HOST = "$(BUILT_PRODUCTS_DIR)/321connectmedical.app/321connectmedical";
			};
			name = Release;
		};
		38499D6C287CDD2400D4DA3C /* Debug */ = {
			isa = XCBuildConfiguration;
			buildSettings = {
				ALWAYS_EMBED_SWIFT_STANDARD_LIBRARIES = YES;
				CODE_SIGN_STYLE = Automatic;
				CURRENT_PROJECT_VERSION = 1;
				DEVELOPMENT_TEAM = FL6J78634M;
				GENERATE_INFOPLIST_FILE = YES;
				MARKETING_VERSION = 1.0;
				PRODUCT_BUNDLE_IDENTIFIER = "elizabethwhitebaker.-21connectmedicalUITests";
				PRODUCT_NAME = "$(TARGET_NAME)";
				SWIFT_EMIT_LOC_STRINGS = NO;
				SWIFT_VERSION = 5.0;
				TARGETED_DEVICE_FAMILY = "1,2";
				TEST_TARGET_NAME = 321connectmedical;
			};
			name = Debug;
		};
		38499D6D287CDD2400D4DA3C /* Release */ = {
			isa = XCBuildConfiguration;
			buildSettings = {
				ALWAYS_EMBED_SWIFT_STANDARD_LIBRARIES = YES;
				CODE_SIGN_STYLE = Automatic;
				CURRENT_PROJECT_VERSION = 1;
				DEVELOPMENT_TEAM = FL6J78634M;
				GENERATE_INFOPLIST_FILE = YES;
				MARKETING_VERSION = 1.0;
				PRODUCT_BUNDLE_IDENTIFIER = "elizabethwhitebaker.-21connectmedicalUITests";
				PRODUCT_NAME = "$(TARGET_NAME)";
				SWIFT_EMIT_LOC_STRINGS = NO;
				SWIFT_VERSION = 5.0;
				TARGETED_DEVICE_FAMILY = "1,2";
				TEST_TARGET_NAME = 321connectmedical;
			};
			name = Release;
		};
/* End XCBuildConfiguration section */

/* Begin XCConfigurationList section */
		38499D36287CDD2200D4DA3C /* Build configuration list for PBXProject "321connectmedical" */ = {
			isa = XCConfigurationList;
			buildConfigurations = (
				38499D63287CDD2400D4DA3C /* Debug */,
				38499D64287CDD2400D4DA3C /* Release */,
			);
			defaultConfigurationIsVisible = 0;
			defaultConfigurationName = Release;
		};
		38499D65287CDD2400D4DA3C /* Build configuration list for PBXNativeTarget "321connectmedical" */ = {
			isa = XCConfigurationList;
			buildConfigurations = (
				38499D66287CDD2400D4DA3C /* Debug */,
				38499D67287CDD2400D4DA3C /* Release */,
			);
			defaultConfigurationIsVisible = 0;
			defaultConfigurationName = Release;
		};
		38499D68287CDD2400D4DA3C /* Build configuration list for PBXNativeTarget "321connectmedicalTests" */ = {
			isa = XCConfigurationList;
			buildConfigurations = (
				38499D69287CDD2400D4DA3C /* Debug */,
				38499D6A287CDD2400D4DA3C /* Release */,
			);
			defaultConfigurationIsVisible = 0;
			defaultConfigurationName = Release;
		};
		38499D6B287CDD2400D4DA3C /* Build configuration list for PBXNativeTarget "321connectmedicalUITests" */ = {
			isa = XCConfigurationList;
			buildConfigurations = (
				38499D6C287CDD2400D4DA3C /* Debug */,
				38499D6D287CDD2400D4DA3C /* Release */,
			);
			defaultConfigurationIsVisible = 0;
			defaultConfigurationName = Release;
		};
/* End XCConfigurationList section */
	};
	rootObject = 38499D33287CDD2200D4DA3C /* Project object */;
}
